
Microsoft Visual Studio Solution File, Format Version 12.00
# Visual Studio Version 17
VisualStudioVersion = 17.12.35527.113
MinimumVisualStudioVersion = 10.0.40219.1
Project("{FAE04EC0-301F-11D3-BF4B-00C04F79EFBC}") = "SiteLocal", "SiteLocal.csproj", "{B1209D44-8D67-4781-A908-F703B50BAA71}"
EndProject
Global
	GlobalSection(SolutionConfigurationPlatforms) = preSolution
		Debug|Any CPU = Debug|Any CPU
		Release|Any CPU = Release|Any CPU
	EndGlobalSection
	GlobalSection(ProjectConfigurationPlatforms) = postSolution
		{B1209D44-8D67-4781-A908-F703B50BAA71}.Debug|Any CPU.ActiveCfg = Debug|Any CPU
		{B1209D44-8D67-4781-A908-F703B50BAA71}.Debug|Any CPU.Build.0 = Debug|Any CPU
		{B1209D44-8D67-4781-A908-F703B50BAA71}.Release|Any CPU.ActiveCfg = Release|Any CPU
		{B1209D44-8D67-4781-A908-F703B50BAA71}.Release|Any CPU.Build.0 = Release|Any CPU
	EndGlobalSection
	GlobalSection(SolutionProperties) = preSolution
		HideSolutionNode = FALSE
	EndGlobalSection
EndGlobal
